<?xml version="1.0" encoding="UTF-8"?>
<Scheme
   LastUpgradeVersion = "2600"
   version = "1.7">
   <BuildAction
      parallelizeBuildables = "YES"
      buildImplicitDependencies = "YES">
   </BuildAction>
   <TestAction
      buildConfiguration = "Debug"
      selectedDebuggerIdentifier = "Xcode.DebuggerFoundation.Debugger.LLDB"
      selectedLauncherIdentifier = "Xcode.DebuggerFoundation.Launcher.LLDB"
      shouldUseLaunchSchemeArgsEnv = "YES">
      <TestPlans>
         <TestPlanReference
            reference = "container:Tests/TestPlans/FHIRModelsExtensions.xctestplan"
            default = "YES">
         </TestPlanReference>
         <TestPlanReference
            reference = "container:Tests/TestPlans/GroveHealthKitFHIR.xctestplan">
         </TestPlanReference>
         <TestPlanReference
            reference = "container:Tests/TestPlans/ResearchKitOnFHIR.xctestplan">
         </TestPlanReference>
         <TestPlanReference
            reference = "container:Tests/TestPlans/Grove.xctestplan">
         </TestPlanReference>
         <TestPlanReference
            reference = "container:Tests/TestPlans/GroveAccessGuard.xctestplan">
         </TestPlanReference>
         <TestPlanReference
            reference = "container:Tests/TestPlans/GroveAccount.xctestplan">
         </TestPlanReference>
         <TestPlanReference
            reference = "container:Tests/TestPlans/GroveBluetooth.xctestplan">
         </TestPlanReference>
         <TestPlanReference
            reference = "container:Tests/TestPlans/GroveChat.xctestplan">
         </TestPlanReference>
         <TestPlanReference
            reference = "container:Tests/TestPlans/GroveConsent.xctestplan">
         </TestPlanReference>
         <TestPlanReference
            reference = "container:Tests/TestPlans/GroveContact.xctestplan">
         </TestPlanReference>
         <TestPlanReference
            reference = "container:Tests/TestPlans/GroveDevices.xctestplan">
         </TestPlanReference>
         <TestPlanReference
            reference = "container:Tests/TestPlans/GroveFHIR.xctestplan">
         </TestPlanReference>
         <TestPlanReference
            reference = "container:Tests/TestPlans/GroveFileFormats.xctestplan">
         </TestPlanReference>
         <TestPlanReference
            reference = "container:Tests/TestPlans/GroveFirebase.xctestplan">
         </TestPlanReference>
         <TestPlanReference
            reference = "container:Tests/TestPlans/GroveFoundation.xctestplan">
         </TestPlanReference>
         <TestPlanReference
            reference = "container:Tests/TestPlans/GroveHealthKit.xctestplan">
         </TestPlanReference>
         <TestPlanReference
            reference = "container:Tests/TestPlans/GroveLLM.xctestplan">
         </TestPlanReference>
         <TestPlanReference
            reference = "container:Tests/TestPlans/GroveLicense.xctestplan">
         </TestPlanReference>
         <TestPlanReference
            reference = "container:Tests/TestPlans/GroveLocation.xctestplan">
         </TestPlanReference>
         <TestPlanReference
            reference = "container:Tests/TestPlans/GroveNetworking.xctestplan">
         </TestPlanReference>
         <TestPlanReference
            reference = "container:Tests/TestPlans/GroveNotifications.xctestplan">
         </TestPlanReference>
         <TestPlanReference
            reference = "container:Tests/TestPlans/GroveOnboarding.xctestplan">
         </TestPlanReference>
         <TestPlanReference
            reference = "container:Tests/TestPlans/GroveQuestionnaire.xctestplan">
         </TestPlanReference>
         <TestPlanReference
            reference = "container:Tests/TestPlans/GroveScheduler.xctestplan">
         </TestPlanReference>
         <TestPlanReference
            reference = "container:Tests/TestPlans/GroveSensorKit.xctestplan">
         </TestPlanReference>
         <TestPlanReference
            reference = "container:Tests/TestPlans/GroveSensorKitFHIR.xctestplan">
         </TestPlanReference>
         <TestPlanReference
            reference = "container:Tests/TestPlans/GroveSpeech.xctestplan">
         </TestPlanReference>
         <TestPlanReference
            reference = "container:Tests/TestPlans/GroveStorage.xctestplan">
         </TestPlanReference>
         <TestPlanReference
            reference = "container:Tests/TestPlans/GroveStudy.xctestplan">
         </TestPlanReference>
         <TestPlanReference
            reference = "container:Tests/TestPlans/GroveViews.xctestplan">
         </TestPlanReference>
         <TestPlanReference
            reference = "container:Tests/TestPlans/ThreadLocal.xctestplan">
         </TestPlanReference>
         <TestPlanReference
            reference = "container:Tests/TestPlans/XCTHealthKit.xctestplan">
         </TestPlanReference>
         <TestPlanReference
            reference = "container:Tests/TestPlans/RuntimeAssertions.xctestplan">
         </TestPlanReference>
         <TestPlanReference
            reference = "container:Tests/TestPlans/XCTestExtensions.xctestplan">
         </TestPlanReference>
      </TestPlans>
   </TestAction>
   <LaunchAction
      buildConfiguration = "Debug"
      selectedDebuggerIdentifier = "Xcode.DebuggerFoundation.Debugger.LLDB"
      selectedLauncherIdentifier = "Xcode.DebuggerFoundation.Launcher.LLDB"
      launchStyle = "0"
      useCustomWorkingDirectory = "NO"
      ignoresPersistentStateOnLaunch = "NO"
      debugDocumentVersioning = "YES"
      debugServiceExtension = "internal"
      allowLocationSimulation = "YES"
      queueDebuggingEnabled = "No">
   </LaunchAction>
   <ProfileAction
      buildConfiguration = "Release"
      shouldUseLaunchSchemeArgsEnv = "YES"
      savedToolIdentifier = ""
      useCustomWorkingDirectory = "NO"
      debugDocumentVersioning = "YES">
   </ProfileAction>
   <AnalyzeAction
      buildConfiguration = "Debug">
   </AnalyzeAction>
   <ArchiveAction
      buildConfiguration = "Release"
      revealArchiveInOrganizer = "YES">
   </ArchiveAction>
</Scheme>
