// !$*UTF8*$!
{
	archiveVersion = 1;
	classes = {
	};
	objectVersion = 90;
	objects = {

/* Begin PBXBuildFile section */
		2B4DDED1E7DD62556CF266D1 /* Spezi in Frameworks */ = {isa = PBXBuildFile; productRef = B6BA6B457F144D6364525AB7 /* Spezi */; };
		005D66EEBD2C0DE2FF445EA7 /* SpeziAccount in Frameworks */ = {isa = PBXBuildFile; productRef = 28DF1480E7429F222E46D98B /* SpeziAccount */; };
		B5E5CDA0AEC0D65DA122895D /* SpeziChat in Frameworks */ = {isa = PBXBuildFile; productRef = 3FEA9A854B156F94177C1191 /* SpeziChat */; };
		84908216AE8E913AEA630BDE /* SpeziFirebaseAccount in Frameworks */ = {isa = PBXBuildFile; productRef = C997BFFFB51C5DA09940B16D /* SpeziFirebaseAccount */; };
		55346353D48CF1359FBE856A /* SpeziFirebaseAccountStorage in Frameworks */ = {isa = PBXBuildFile; productRef = 66C6ED848F1D444AEAA600F5 /* SpeziFirebaseAccountStorage */; };
		466DC73C1DF804452A5C2A0A /* SpeziKeychainStorage in Frameworks */ = {isa = PBXBuildFile; productRef = 4F0BEB9EC05ED6622582B4A1 /* SpeziKeychainStorage */; };
		656EB9A56292E030B1C4A1D6 /* SpeziLLM in Frameworks */ = {isa = PBXBuildFile; productRef = B4D5E730028F2880E1CA9600 /* SpeziLLM */; };
		325F3720950CCF1F8D764016 /* SpeziLLMAnthropic in Frameworks */ = {isa = PBXBuildFile; productRef = 3805A554CCF955B3B347BF05 /* SpeziLLMAnthropic */; };
		74E93742C6A4A152C63D9823 /* SpeziLLMFog in Frameworks */ = {isa = PBXBuildFile; productRef = 75B4D7A58C56004F262B50DA /* SpeziLLMFog */; };
		9D3C28B23AA56C5F8EFE5CC5 /* SpeziLLMGemini in Frameworks */ = {isa = PBXBuildFile; productRef = E79AAEE82246AB2C85804811 /* SpeziLLMGemini */; };
		C7368DB5B809A447ADD56C84 /* SpeziLLMLocal in Frameworks */ = {isa = PBXBuildFile; productRef = B58A7BAF917D24122A19194A /* SpeziLLMLocal */; };
		477D26AC49C470C0E0049B33 /* SpeziLLMLocalDownload in Frameworks */ = {isa = PBXBuildFile; productRef = 911BD4CED11636DDD212D0C4 /* SpeziLLMLocalDownload */; };
		79633885597D849E779BC3E1 /* SpeziLLMOpenAI in Frameworks */ = {isa = PBXBuildFile; productRef = A4A93CCD5ACB6920A00E3782 /* SpeziLLMOpenAI */; };
		463FB6F7A0D4001C798A36CA /* SpeziLLMOpenAIRealtime in Frameworks */ = {isa = PBXBuildFile; productRef = CB39E0023E7F5D87A5FE9BE9 /* SpeziLLMOpenAIRealtime */; };
		A9DE07CA9343028358BEC77C /* SpeziOnboarding in Frameworks */ = {isa = PBXBuildFile; productRef = 55467A75AC9CAEA18E1B4BF4 /* SpeziOnboarding */; };
		746A3996D3529B72E4A613AA /* SpeziViews in Frameworks */ = {isa = PBXBuildFile; productRef = 0B2CCD6DF1F5024701B2BC2F /* SpeziViews */; };
		90A9521448E979715CB9BD5B /* XCTestExtensions in Frameworks */ = {isa = PBXBuildFile; productRef = 3EA66786D0C3B9220169015A /* XCTestExtensions */; };
/* End PBXBuildFile section */

/* Begin PBXContainerItemProxy section */
		6564909A3002CEA900F1D55F /* PBXContainerItemProxy */ = {
			isa = PBXContainerItemProxy;
			containerPortal = 000000000000000000000000 /* Project object */;
			proxyType = 1;
			remoteGlobalIDString = 000000000000000100000000;
			remoteInfo = TestApp;
		};
/* End PBXContainerItemProxy section */

/* Begin PBXFileReference section */
		000000000000000000000120 /* TestApp.app */ = {isa = PBXFileReference; explicitFileType = wrapper.application; includeInIndex = 0; path = TestApp.app; sourceTree = BUILT_PRODUCTS_DIR; };
		656490963002CEA900F1D55F /* TestAppUITests.xctest */ = {isa = PBXFileReference; explicitFileType = wrapper.cfbundle; includeInIndex = 0; path = TestAppUITests.xctest; sourceTree = BUILT_PRODUCTS_DIR; };
/* End PBXFileReference section */

/* Begin PBXFileSystemSynchronizedBuildFileExceptionSet section */
		A12BA095919F31E5D2B87346 /* Exceptions for TestApp folder in TestApp target */ = {
			isa = PBXFileSystemSynchronizedBuildFileExceptionSet;
			membershipExceptions = (
				"Info.plist",
			);
			target = 000000000000000100000000 /* TestApp */;
		};
/* End PBXFileSystemSynchronizedBuildFileExceptionSet section */

/* Begin PBXFileSystemSynchronizedRootGroup section */
		000000000000000000000010 /* TestApp */ = {
			isa = PBXFileSystemSynchronizedRootGroup;
			exceptions = (
				A12BA095919F31E5D2B87346 /* Exceptions for TestApp folder in TestApp target */,
			);
			path = TestApp;
			sourceTree = "<group>";
		};
		656490973002CEA900F1D55F /* TestAppUITests */ = {
			isa = PBXFileSystemSynchronizedRootGroup;
			path = TestAppUITests;
			sourceTree = "<group>";
		};
/* End PBXFileSystemSynchronizedRootGroup section */

/* Begin PBXFrameworksBuildPhase section */
		000000000000000130000000 /* Frameworks */ = {
			isa = PBXFrameworksBuildPhase;
			files = (
				2B4DDED1E7DD62556CF266D1 /* Spezi in Frameworks */,
				005D66EEBD2C0DE2FF445EA7 /* SpeziAccount in Frameworks */,
				B5E5CDA0AEC0D65DA122895D /* SpeziChat in Frameworks */,
				84908216AE8E913AEA630BDE /* SpeziFirebaseAccount in Frameworks */,
				55346353D48CF1359FBE856A /* SpeziFirebaseAccountStorage in Frameworks */,
				466DC73C1DF804452A5C2A0A /* SpeziKeychainStorage in Frameworks */,
				656EB9A56292E030B1C4A1D6 /* SpeziLLM in Frameworks */,
				325F3720950CCF1F8D764016 /* SpeziLLMAnthropic in Frameworks */,
				74E93742C6A4A152C63D9823 /* SpeziLLMFog in Frameworks */,
				9D3C28B23AA56C5F8EFE5CC5 /* SpeziLLMGemini in Frameworks */,
				C7368DB5B809A447ADD56C84 /* SpeziLLMLocal in Frameworks */,
				477D26AC49C470C0E0049B33 /* SpeziLLMLocalDownload in Frameworks */,
				79633885597D849E779BC3E1 /* SpeziLLMOpenAI in Frameworks */,
				463FB6F7A0D4001C798A36CA /* SpeziLLMOpenAIRealtime in Frameworks */,
				A9DE07CA9343028358BEC77C /* SpeziOnboarding in Frameworks */,
				746A3996D3529B72E4A613AA /* SpeziViews in Frameworks */,
			);
		};
		656490933002CEA900F1D55F /* Frameworks */ = {
			isa = PBXFrameworksBuildPhase;
			files = (
				90A9521448E979715CB9BD5B /* XCTestExtensions in Frameworks */,
			);
		};
/* End PBXFrameworksBuildPhase section */

/* Begin PBXGroup section */
		000000000000000000000001 = {
			isa = PBXGroup;
			children = (
				000000000000000000000010 /* TestApp */,
				656490973002CEA900F1D55F /* TestAppUITests */,
				653B21CE3002D1F100C65C03 /* Frameworks */,
				000000000000000000000020 /* Products */,
			);
			sourceTree = "<group>";
		};
		000000000000000000000020 /* Products */ = {
			isa = PBXGroup;
			children = (
				000000000000000000000120 /* TestApp.app */,
				656490963002CEA900F1D55F /* TestAppUITests.xctest */,
			);
			name = Products;
			sourceTree = "<group>";
		};
		653B21CE3002D1F100C65C03 /* Frameworks */ = {
			isa = PBXGroup;
			children = (
			);
			name = Frameworks;
			sourceTree = "<group>";
		};
/* End PBXGroup section */

/* Begin PBXNativeTarget section */
		000000000000000100000000 /* TestApp */ = {
			isa = PBXNativeTarget;
			buildConfigurationList = 000000000000000110000000 /* Build configuration list for PBXNativeTarget "TestApp" */;
			buildPhases = (
				000000000000000120000000 /* Sources */,
				000000000000000130000000 /* Frameworks */,
				000000000000000140000000 /* Resources */,
			);
			buildRules = (
			);
			fileSystemSynchronizedGroups = (
				000000000000000000000010 /* TestApp */,
			);
			name = TestApp;
			packageProductDependencies = (
				B6BA6B457F144D6364525AB7 /* Spezi */,
				28DF1480E7429F222E46D98B /* SpeziAccount */,
				3FEA9A854B156F94177C1191 /* SpeziChat */,
				C997BFFFB51C5DA09940B16D /* SpeziFirebaseAccount */,
				66C6ED848F1D444AEAA600F5 /* SpeziFirebaseAccountStorage */,
				4F0BEB9EC05ED6622582B4A1 /* SpeziKeychainStorage */,
				B4D5E730028F2880E1CA9600 /* SpeziLLM */,
				3805A554CCF955B3B347BF05 /* SpeziLLMAnthropic */,
				75B4D7A58C56004F262B50DA /* SpeziLLMFog */,
				E79AAEE82246AB2C85804811 /* SpeziLLMGemini */,
				B58A7BAF917D24122A19194A /* SpeziLLMLocal */,
				911BD4CED11636DDD212D0C4 /* SpeziLLMLocalDownload */,
				A4A93CCD5ACB6920A00E3782 /* SpeziLLMOpenAI */,
				CB39E0023E7F5D87A5FE9BE9 /* SpeziLLMOpenAIRealtime */,
				55467A75AC9CAEA18E1B4BF4 /* SpeziOnboarding */,
				0B2CCD6DF1F5024701B2BC2F /* SpeziViews */,
			);
			productName = TestApp;
			productReference = 000000000000000000000120 /* TestApp.app */;
			productType = "com.apple.product-type.application";
		};
		656490953002CEA900F1D55F /* TestAppUITests */ = {
			isa = PBXNativeTarget;
			buildConfigurationList = 6564909E3002CEA900F1D55F /* Build configuration list for PBXNativeTarget "TestAppUITests" */;
			buildPhases = (
				656490923002CEA900F1D55F /* Sources */,
				656490933002CEA900F1D55F /* Frameworks */,
				656490943002CEA900F1D55F /* Resources */,
			);
			buildRules = (
			);
			dependencies = (
				6564909B3002CEA900F1D55F /* PBXTargetDependency */,
			);
			fileSystemSynchronizedGroups = (
				656490973002CEA900F1D55F /* TestAppUITests */,
			);
			name = TestAppUITests;
			packageProductDependencies = (
				3EA66786D0C3B9220169015A /* XCTestExtensions */,
			);
			productName = TestAppUITests;
			productReference = 656490963002CEA900F1D55F /* TestAppUITests.xctest */;
			productType = "com.apple.product-type.bundle.ui-testing";
		};
/* End PBXNativeTarget section */

/* Begin PBXProject section */
		000000000000000000000000 /* Project object */ = {
			isa = PBXProject;
			attributes = {
				BuildIndependentTargetsInParallel = 1;
				LastSwiftUpdateCheck = 2700;
				LastUpgradeCheck = 2700;
				TargetAttributes = {
					000000000000000100000000 = {
						CreatedOnToolsVersion = 27.0;
					};
					656490953002CEA900F1D55F = {
						CreatedOnToolsVersion = 27.0;
						TestTargetID = 000000000000000100000000;
					};
				};
			};
			buildConfigurationList = 000000000000000010000000 /* Build configuration list for PBXProject "UITests" */;
			developmentRegion = en;
			hasScannedForEncodings = 0;
			knownRegions = (
				en,
				Base,
			);
			mainGroup = 000000000000000000000001;
			minimizedProjectReferenceProxies = 1;
			packageReferences = (
				654293E43002D0F400AF6915 /* XCLocalSwiftPackageReference "../../.." */,
			);
			preferredProjectObjectVersion = 90;
			productRefGroup = 000000000000000000000020 /* Products */;
			projectDirPath = "";
			projectRoot = "";
			targets = (
				000000000000000100000000 /* TestApp */,
				656490953002CEA900F1D55F /* TestAppUITests */,
			);
		};
/* End PBXProject section */

/* Begin PBXResourcesBuildPhase section */
		000000000000000140000000 /* Resources */ = {
			isa = PBXResourcesBuildPhase;
			files = (
			);
		};
		656490943002CEA900F1D55F /* Resources */ = {
			isa = PBXResourcesBuildPhase;
			files = (
			);
		};
/* End PBXResourcesBuildPhase section */

/* Begin PBXSourcesBuildPhase section */
		000000000000000120000000 /* Sources */ = {
			isa = PBXSourcesBuildPhase;
			files = (
			);
		};
		656490923002CEA900F1D55F /* Sources */ = {
			isa = PBXSourcesBuildPhase;
			files = (
			);
		};
/* End PBXSourcesBuildPhase section */

/* Begin PBXTargetDependency section */
		6564909B3002CEA900F1D55F /* PBXTargetDependency */ = {
			isa = PBXTargetDependency;
			target = 000000000000000100000000 /* TestApp */;
			targetProxy = 6564909A3002CEA900F1D55F /* PBXContainerItemProxy */;
		};
/* End PBXTargetDependency section */

/* Begin XCBuildConfiguration section */
		000000000000000011000000 /* Debug configuration for PBXProject "UITests" */ = {
			isa = XCBuildConfiguration;
			buildSettings = {
				ALWAYS_SEARCH_USER_PATHS = NO;
				APPLETVOS_DEPLOYMENT_TARGET = 27.0;
				ASSETCATALOG_COMPILER_GENERATE_SWIFT_ASSET_SYMBOL_EXTENSIONS = YES;
				CLANG_ANALYZER_NONNULL = YES;
				CLANG_ANALYZER_NUMBER_OBJECT_CONVERSION = YES_AGGRESSIVE;
				CLANG_CXX_LANGUAGE_STANDARD = "gnu++20";
				CLANG_ENABLE_MODULES = YES;
				CLANG_ENABLE_OBJC_ARC = YES;
				CLANG_ENABLE_OBJC_WEAK = YES;
				CLANG_WARN_BLOCK_CAPTURE_AUTORELEASING = YES;
				CLANG_WARN_BOOL_CONVERSION = YES;
				CLANG_WARN_COMMA = YES;
				CLANG_WARN_CONSTANT_CONVERSION = YES;
				CLANG_WARN_DEPRECATED_OBJC_IMPLEMENTATIONS = YES;
				CLANG_WARN_DIRECT_OBJC_ISA_USAGE = YES_ERROR;
				CLANG_WARN_DOCUMENTATION_COMMENTS = YES;
				CLANG_WARN_EMPTY_BODY = YES;
				CLANG_WARN_ENUM_CONVERSION = YES;
				CLANG_WARN_INFINITE_RECURSION = YES;
				CLANG_WARN_INT_CONVERSION = YES;
				CLANG_WARN_NON_LITERAL_NULL_CONVERSION = YES;
				CLANG_WARN_OBJC_IMPLICIT_RETAIN_SELF = YES;
				CLANG_WARN_OBJC_LITERAL_CONVERSION = YES;
				CLANG_WARN_OBJC_ROOT_CLASS = YES_ERROR;
				CLANG_WARN_QUOTED_INCLUDE_IN_FRAMEWORK_HEADER = YES;
				CLANG_WARN_RANGE_LOOP_ANALYSIS = YES;
				CLANG_WARN_STRICT_PROTOTYPES = YES;
				CLANG_WARN_SUSPICIOUS_MOVE = YES;
				CLANG_WARN_UNGUARDED_AVAILABILITY = YES_AGGRESSIVE;
				CLANG_WARN_UNREACHABLE_CODE = YES;
				CLANG_WARN__DUPLICATE_METHOD_MATCH = YES;
				COPY_PHASE_STRIP = NO;
				DEAD_CODE_STRIPPING = YES;
				DEBUG_INFORMATION_FORMAT = dwarf;
				DRIVERKIT_DEPLOYMENT_TARGET = 27.0;
				ENABLE_STRICT_OBJC_MSGSEND = YES;
				ENABLE_TESTABILITY = YES;
				ENABLE_USER_SCRIPT_SANDBOXING = YES;
				GCC_C_LANGUAGE_STANDARD = gnu17;
				GCC_DYNAMIC_NO_PIC = NO;
				GCC_NO_COMMON_BLOCKS = YES;
				GCC_OPTIMIZATION_LEVEL = 0;
				GCC_PREPROCESSOR_DEFINITIONS = (
					"DEBUG=1",
					"$(inherited)",
				);
				GCC_WARN_64_TO_32_BIT_CONVERSION = YES;
				GCC_WARN_ABOUT_RETURN_TYPE = YES_ERROR;
				GCC_WARN_UNDECLARED_SELECTOR = YES;
				GCC_WARN_UNINITIALIZED_AUTOS = YES_AGGRESSIVE;
				GCC_WARN_UNUSED_FUNCTION = YES;
				GCC_WARN_UNUSED_VARIABLE = YES;
				IPHONEOS_DEPLOYMENT_TARGET = 27.0;
				LOCALIZATION_PREFERS_STRING_CATALOGS = YES;
				MACOSX_DEPLOYMENT_TARGET = 27.0;
				MTL_ENABLE_DEBUG_INFO = INCLUDE_SOURCE;
				MTL_FAST_MATH = YES;
				ONLY_ACTIVE_ARCH = YES;
				STRING_CATALOG_GENERATE_SYMBOLS = YES;
				SWIFT_ACTIVE_COMPILATION_CONDITIONS = "DEBUG $(inherited)";
				SWIFT_OPTIMIZATION_LEVEL = "-Onone";
				SWIFT_VERSION = 6.0;
				WATCHOS_DEPLOYMENT_TARGET = 27.0;
				XROS_DEPLOYMENT_TARGET = 27.0;
			};
			name = Debug;
		};
		000000000000000012000000 /* Release configuration for PBXProject "UITests" */ = {
			isa = XCBuildConfiguration;
			buildSettings = {
				ALWAYS_SEARCH_USER_PATHS = NO;
				APPLETVOS_DEPLOYMENT_TARGET = 27.0;
				ASSETCATALOG_COMPILER_GENERATE_SWIFT_ASSET_SYMBOL_EXTENSIONS = YES;
				CLANG_ANALYZER_NONNULL = YES;
				CLANG_ANALYZER_NUMBER_OBJECT_CONVERSION = YES_AGGRESSIVE;
				CLANG_CXX_LANGUAGE_STANDARD = "gnu++20";
				CLANG_ENABLE_MODULES = YES;
				CLANG_ENABLE_OBJC_ARC = YES;
				CLANG_ENABLE_OBJC_WEAK = YES;
				CLANG_WARN_BLOCK_CAPTURE_AUTORELEASING = YES;
				CLANG_WARN_BOOL_CONVERSION = YES;
				CLANG_WARN_COMMA = YES;
				CLANG_WARN_CONSTANT_CONVERSION = YES;
				CLANG_WARN_DEPRECATED_OBJC_IMPLEMENTATIONS = YES;
				CLANG_WARN_DIRECT_OBJC_ISA_USAGE = YES_ERROR;
				CLANG_WARN_DOCUMENTATION_COMMENTS = YES;
				CLANG_WARN_EMPTY_BODY = YES;
				CLANG_WARN_ENUM_CONVERSION = YES;
				CLANG_WARN_INFINITE_RECURSION = YES;
				CLANG_WARN_INT_CONVERSION = YES;
				CLANG_WARN_NON_LITERAL_NULL_CONVERSION = YES;
				CLANG_WARN_OBJC_IMPLICIT_RETAIN_SELF = YES;
				CLANG_WARN_OBJC_LITERAL_CONVERSION = YES;
				CLANG_WARN_OBJC_ROOT_CLASS = YES_ERROR;
				CLANG_WARN_QUOTED_INCLUDE_IN_FRAMEWORK_HEADER = YES;
				CLANG_WARN_RANGE_LOOP_ANALYSIS = YES;
				CLANG_WARN_STRICT_PROTOTYPES = YES;
				CLANG_WARN_SUSPICIOUS_MOVE = YES;
				CLANG_WARN_UNGUARDED_AVAILABILITY = YES_AGGRESSIVE;
				CLANG_WARN_UNREACHABLE_CODE = YES;
				CLANG_WARN__DUPLICATE_METHOD_MATCH = YES;
				COPY_PHASE_STRIP = NO;
				DEAD_CODE_STRIPPING = YES;
				DEBUG_INFORMATION_FORMAT = "dwarf-with-dsym";
				DRIVERKIT_DEPLOYMENT_TARGET = 27.0;
				ENABLE_NS_ASSERTIONS = NO;
				ENABLE_STRICT_OBJC_MSGSEND = YES;
				ENABLE_USER_SCRIPT_SANDBOXING = YES;
				GCC_C_LANGUAGE_STANDARD = gnu17;
				GCC_NO_COMMON_BLOCKS = YES;
				GCC_WARN_64_TO_32_BIT_CONVERSION = YES;
				GCC_WARN_ABOUT_RETURN_TYPE = YES_ERROR;
				GCC_WARN_UNDECLARED_SELECTOR = YES;
				GCC_WARN_UNINITIALIZED_AUTOS = YES_AGGRESSIVE;
				GCC_WARN_UNUSED_FUNCTION = YES;
				GCC_WARN_UNUSED_VARIABLE = YES;
				IPHONEOS_DEPLOYMENT_TARGET = 27.0;
				LOCALIZATION_PREFERS_STRING_CATALOGS = YES;
				MACOSX_DEPLOYMENT_TARGET = 27.0;
				MTL_ENABLE_DEBUG_INFO = NO;
				MTL_FAST_MATH = YES;
				STRING_CATALOG_GENERATE_SYMBOLS = YES;
				SWIFT_COMPILATION_MODE = wholemodule;
				SWIFT_VERSION = 6.0;
				WATCHOS_DEPLOYMENT_TARGET = 27.0;
				XROS_DEPLOYMENT_TARGET = 27.0;
			};
			name = Release;
		};
		000000000000000111000000 /* Debug configuration for PBXNativeTarget "TestApp" */ = {
			isa = XCBuildConfiguration;
			buildSettings = {
				INFOPLIST_FILE = "TestApp/Info.plist";
				INFOPLIST_KEY_NSLocalNetworkUsageDescription = "This app uses the local network to discover nearby fog node services.";
				INFOPLIST_KEY_NSMicrophoneUsageDescription = "The Test Application uses the micophone to test the dication functionality.";
				INFOPLIST_KEY_NSSpeechRecognitionUsageDescription = "Speech recognition necessary for transcribing voice input.";
				PRODUCT_BUNDLE_IDENTIFIER = "edu.stanford.spezi.spezillm.testapp";
				CODE_SIGN_STYLE = Automatic;
				CURRENT_PROJECT_VERSION = 1;
				ENABLE_PREVIEWS = YES;
				GENERATE_INFOPLIST_FILE = YES;
				"INFOPLIST_KEY_UIApplicationSceneManifest_Generation[sdk=iphoneos*]" = YES;
				"INFOPLIST_KEY_UIApplicationSceneManifest_Generation[sdk=iphonesimulator*]" = YES;
				"INFOPLIST_KEY_UIApplicationSupportsIndirectInputEvents[sdk=iphoneos*]" = YES;
				"INFOPLIST_KEY_UIApplicationSupportsIndirectInputEvents[sdk=iphonesimulator*]" = YES;
				"INFOPLIST_KEY_UILaunchScreen_Generation[sdk=iphoneos*]" = YES;
				"INFOPLIST_KEY_UILaunchScreen_Generation[sdk=iphonesimulator*]" = YES;
				"INFOPLIST_KEY_UIStatusBarStyle[sdk=iphoneos*]" = UIStatusBarStyleDefault;
				"INFOPLIST_KEY_UIStatusBarStyle[sdk=iphonesimulator*]" = UIStatusBarStyleDefault;
				INFOPLIST_KEY_UISupportedInterfaceOrientations_iPad = "UIInterfaceOrientationPortrait UIInterfaceOrientationPortraitUpsideDown UIInterfaceOrientationLandscapeLeft UIInterfaceOrientationLandscapeRight";
				INFOPLIST_KEY_UISupportedInterfaceOrientations_iPhone = "UIInterfaceOrientationPortrait UIInterfaceOrientationLandscapeLeft UIInterfaceOrientationLandscapeRight";
				IPHONEOS_DEPLOYMENT_TARGET = 18.6;
				LD_RUNPATH_SEARCH_PATHS = "@executable_path/Frameworks";
				MARKETING_VERSION = 1.0;
				PRODUCT_NAME = "$(TARGET_NAME)";
				SDKROOT = auto;
				STRING_CATALOG_GENERATE_SYMBOLS = YES;
				SUPPORTED_PLATFORMS = "iphoneos iphonesimulator xros xrsimulator";
				SUPPORTS_MACCATALYST = NO;
				SWIFT_APPROACHABLE_CONCURRENCY = YES;
				SWIFT_DEFAULT_ACTOR_ISOLATION = MainActor;
				SWIFT_EMIT_LOC_STRINGS = YES;
				SWIFT_UPCOMING_FEATURE_MEMBER_IMPORT_VISIBILITY = YES;
				TARGETED_DEVICE_FAMILY = "1,2,7";
				XROS_DEPLOYMENT_TARGET = 2.6;
			};
			name = Debug;
		};
		000000000000000112000000 /* Release configuration for PBXNativeTarget "TestApp" */ = {
			isa = XCBuildConfiguration;
			buildSettings = {
				INFOPLIST_FILE = "TestApp/Info.plist";
				INFOPLIST_KEY_NSLocalNetworkUsageDescription = "This app uses the local network to discover nearby fog node services.";
				INFOPLIST_KEY_NSMicrophoneUsageDescription = "The Test Application uses the micophone to test the dication functionality.";
				INFOPLIST_KEY_NSSpeechRecognitionUsageDescription = "Speech recognition necessary for transcribing voice input.";
				PRODUCT_BUNDLE_IDENTIFIER = "edu.stanford.spezi.spezillm.testapp";
				CODE_SIGN_STYLE = Automatic;
				CURRENT_PROJECT_VERSION = 1;
				ENABLE_PREVIEWS = YES;
				GENERATE_INFOPLIST_FILE = YES;
				"INFOPLIST_KEY_UIApplicationSceneManifest_Generation[sdk=iphoneos*]" = YES;
				"INFOPLIST_KEY_UIApplicationSceneManifest_Generation[sdk=iphonesimulator*]" = YES;
				"INFOPLIST_KEY_UIApplicationSupportsIndirectInputEvents[sdk=iphoneos*]" = YES;
				"INFOPLIST_KEY_UIApplicationSupportsIndirectInputEvents[sdk=iphonesimulator*]" = YES;
				"INFOPLIST_KEY_UILaunchScreen_Generation[sdk=iphoneos*]" = YES;
				"INFOPLIST_KEY_UILaunchScreen_Generation[sdk=iphonesimulator*]" = YES;
				"INFOPLIST_KEY_UIStatusBarStyle[sdk=iphoneos*]" = UIStatusBarStyleDefault;
				"INFOPLIST_KEY_UIStatusBarStyle[sdk=iphonesimulator*]" = UIStatusBarStyleDefault;
				INFOPLIST_KEY_UISupportedInterfaceOrientations_iPad = "UIInterfaceOrientationPortrait UIInterfaceOrientationPortraitUpsideDown UIInterfaceOrientationLandscapeLeft UIInterfaceOrientationLandscapeRight";
				INFOPLIST_KEY_UISupportedInterfaceOrientations_iPhone = "UIInterfaceOrientationPortrait UIInterfaceOrientationLandscapeLeft UIInterfaceOrientationLandscapeRight";
				IPHONEOS_DEPLOYMENT_TARGET = 18.6;
				LD_RUNPATH_SEARCH_PATHS = "@executable_path/Frameworks";
				MARKETING_VERSION = 1.0;
				PRODUCT_NAME = "$(TARGET_NAME)";
				SDKROOT = auto;
				STRING_CATALOG_GENERATE_SYMBOLS = YES;
				SUPPORTED_PLATFORMS = "iphoneos iphonesimulator xros xrsimulator";
				SUPPORTS_MACCATALYST = NO;
				SWIFT_APPROACHABLE_CONCURRENCY = YES;
				SWIFT_DEFAULT_ACTOR_ISOLATION = MainActor;
				SWIFT_EMIT_LOC_STRINGS = YES;
				SWIFT_UPCOMING_FEATURE_MEMBER_IMPORT_VISIBILITY = YES;
				TARGETED_DEVICE_FAMILY = "1,2,7";
				XROS_DEPLOYMENT_TARGET = 2.6;
			};
			name = Release;
		};
		6564909C3002CEA900F1D55F /* Debug configuration for PBXNativeTarget "TestAppUITests" */ = {
			isa = XCBuildConfiguration;
			buildSettings = {
				PRODUCT_BUNDLE_IDENTIFIER = "edu.stanford.spezi.spezillm.testapp.uitests";
				CODE_SIGN_STYLE = Automatic;
				CURRENT_PROJECT_VERSION = 1;
				GENERATE_INFOPLIST_FILE = YES;
				IPHONEOS_DEPLOYMENT_TARGET = 18.6;
				MARKETING_VERSION = 1.0;
				PRODUCT_NAME = "$(TARGET_NAME)";
				SDKROOT = auto;
				STRING_CATALOG_GENERATE_SYMBOLS = NO;
				SUPPORTED_PLATFORMS = "iphoneos iphonesimulator xros xrsimulator";
				SWIFT_APPROACHABLE_CONCURRENCY = YES;
				SWIFT_DEFAULT_ACTOR_ISOLATION = nonisolated;
				SWIFT_EMIT_LOC_STRINGS = NO;
				SWIFT_UPCOMING_FEATURE_MEMBER_IMPORT_VISIBILITY = YES;
				TARGETED_DEVICE_FAMILY = "1,2,7";
				TEST_TARGET_NAME = TestApp;
				XROS_DEPLOYMENT_TARGET = 2.6;
			};
			name = Debug;
		};
		6564909D3002CEA900F1D55F /* Release configuration for PBXNativeTarget "TestAppUITests" */ = {
			isa = XCBuildConfiguration;
			buildSettings = {
				PRODUCT_BUNDLE_IDENTIFIER = "edu.stanford.spezi.spezillm.testapp.uitests";
				CODE_SIGN_STYLE = Automatic;
				CURRENT_PROJECT_VERSION = 1;
				GENERATE_INFOPLIST_FILE = YES;
				IPHONEOS_DEPLOYMENT_TARGET = 18.6;
				MARKETING_VERSION = 1.0;
				PRODUCT_NAME = "$(TARGET_NAME)";
				SDKROOT = auto;
				STRING_CATALOG_GENERATE_SYMBOLS = NO;
				SUPPORTED_PLATFORMS = "iphoneos iphonesimulator xros xrsimulator";
				SWIFT_APPROACHABLE_CONCURRENCY = YES;
				SWIFT_DEFAULT_ACTOR_ISOLATION = nonisolated;
				SWIFT_EMIT_LOC_STRINGS = NO;
				SWIFT_UPCOMING_FEATURE_MEMBER_IMPORT_VISIBILITY = YES;
				TARGETED_DEVICE_FAMILY = "1,2,7";
				TEST_TARGET_NAME = TestApp;
				XROS_DEPLOYMENT_TARGET = 2.6;
			};
			name = Release;
		};
/* End XCBuildConfiguration section */

/* Begin XCConfigurationList section */
		000000000000000010000000 /* Build configuration list for PBXProject "UITests" */ = {
			isa = XCConfigurationList;
			buildConfigurations = (
				000000000000000011000000 /* Debug configuration for PBXProject "UITests" */,
				000000000000000012000000 /* Release configuration for PBXProject "UITests" */,
			);
			defaultConfigurationName = Release;
		};
		000000000000000110000000 /* Build configuration list for PBXNativeTarget "TestApp" */ = {
			isa = XCConfigurationList;
			buildConfigurations = (
				000000000000000111000000 /* Debug configuration for PBXNativeTarget "TestApp" */,
				000000000000000112000000 /* Release configuration for PBXNativeTarget "TestApp" */,
			);
			defaultConfigurationName = Release;
		};
		6564909E3002CEA900F1D55F /* Build configuration list for PBXNativeTarget "TestAppUITests" */ = {
			isa = XCConfigurationList;
			buildConfigurations = (
				6564909C3002CEA900F1D55F /* Debug configuration for PBXNativeTarget "TestAppUITests" */,
				6564909D3002CEA900F1D55F /* Release configuration for PBXNativeTarget "TestAppUITests" */,
			);
			defaultConfigurationName = Release;
		};
/* End XCConfigurationList section */

/* Begin XCLocalSwiftPackageReference section */
		654293E43002D0F400AF6915 /* XCLocalSwiftPackageReference "../../.." */ = {
			isa = XCLocalSwiftPackageReference;
			relativePath = ../../..;
		};
/* End XCLocalSwiftPackageReference section */

/* Begin XCSwiftPackageProductDependency section */
		B6BA6B457F144D6364525AB7 /* Spezi */ = {
			isa = XCSwiftPackageProductDependency;
			package = 654293E43002D0F400AF6915 /* package */;
			productName = Spezi;
		};
		28DF1480E7429F222E46D98B /* SpeziAccount */ = {
			isa = XCSwiftPackageProductDependency;
			package = 654293E43002D0F400AF6915 /* package */;
			productName = SpeziAccount;
		};
		3FEA9A854B156F94177C1191 /* SpeziChat */ = {
			isa = XCSwiftPackageProductDependency;
			package = 654293E43002D0F400AF6915 /* package */;
			productName = SpeziChat;
		};
		C997BFFFB51C5DA09940B16D /* SpeziFirebaseAccount */ = {
			isa = XCSwiftPackageProductDependency;
			package = 654293E43002D0F400AF6915 /* package */;
			productName = SpeziFirebaseAccount;
		};
		66C6ED848F1D444AEAA600F5 /* SpeziFirebaseAccountStorage */ = {
			isa = XCSwiftPackageProductDependency;
			package = 654293E43002D0F400AF6915 /* package */;
			productName = SpeziFirebaseAccountStorage;
		};
		4F0BEB9EC05ED6622582B4A1 /* SpeziKeychainStorage */ = {
			isa = XCSwiftPackageProductDependency;
			package = 654293E43002D0F400AF6915 /* package */;
			productName = SpeziKeychainStorage;
		};
		B4D5E730028F2880E1CA9600 /* SpeziLLM */ = {
			isa = XCSwiftPackageProductDependency;
			package = 654293E43002D0F400AF6915 /* package */;
			productName = SpeziLLM;
		};
		3805A554CCF955B3B347BF05 /* SpeziLLMAnthropic */ = {
			isa = XCSwiftPackageProductDependency;
			package = 654293E43002D0F400AF6915 /* package */;
			productName = SpeziLLMAnthropic;
		};
		75B4D7A58C56004F262B50DA /* SpeziLLMFog */ = {
			isa = XCSwiftPackageProductDependency;
			package = 654293E43002D0F400AF6915 /* package */;
			productName = SpeziLLMFog;
		};
		E79AAEE82246AB2C85804811 /* SpeziLLMGemini */ = {
			isa = XCSwiftPackageProductDependency;
			package = 654293E43002D0F400AF6915 /* package */;
			productName = SpeziLLMGemini;
		};
		B58A7BAF917D24122A19194A /* SpeziLLMLocal */ = {
			isa = XCSwiftPackageProductDependency;
			package = 654293E43002D0F400AF6915 /* package */;
			productName = SpeziLLMLocal;
		};
		911BD4CED11636DDD212D0C4 /* SpeziLLMLocalDownload */ = {
			isa = XCSwiftPackageProductDependency;
			package = 654293E43002D0F400AF6915 /* package */;
			productName = SpeziLLMLocalDownload;
		};
		A4A93CCD5ACB6920A00E3782 /* SpeziLLMOpenAI */ = {
			isa = XCSwiftPackageProductDependency;
			package = 654293E43002D0F400AF6915 /* package */;
			productName = SpeziLLMOpenAI;
		};
		CB39E0023E7F5D87A5FE9BE9 /* SpeziLLMOpenAIRealtime */ = {
			isa = XCSwiftPackageProductDependency;
			package = 654293E43002D0F400AF6915 /* package */;
			productName = SpeziLLMOpenAIRealtime;
		};
		55467A75AC9CAEA18E1B4BF4 /* SpeziOnboarding */ = {
			isa = XCSwiftPackageProductDependency;
			package = 654293E43002D0F400AF6915 /* package */;
			productName = SpeziOnboarding;
		};
		0B2CCD6DF1F5024701B2BC2F /* SpeziViews */ = {
			isa = XCSwiftPackageProductDependency;
			package = 654293E43002D0F400AF6915 /* package */;
			productName = SpeziViews;
		};
		3EA66786D0C3B9220169015A /* XCTestExtensions */ = {
			isa = XCSwiftPackageProductDependency;
			package = 654293E43002D0F400AF6915 /* package */;
			productName = XCTestExtensions;
		};
/* End XCSwiftPackageProductDependency section */
	};
	rootObject = 000000000000000000000000 /* Project object */;
}
